
Microsoft Visual Studio Solution File, Format Version 11.00
# Visual Studio 2010
Project("{FAE04EC0-301F-11D3-BF4B-00C04F79EFBC}") = "Assembly-CSharp", "Assembly-CSharp.csproj", "{BC03A469-E9D7-987B-F53D-6FC84E18E593}"
EndProject
Project("{FAE04EC0-301F-11D3-BF4B-00C04F79EFBC}") = "Assembly-CSharp-Editor", "Assembly-CSharp-Editor.csproj", "{AE8EC3BD-CAFA-980C-AA26-9E42F4886CEB}"
EndProject
Global
	GlobalSection(SolutionConfigurationPlatforms) = preSolution
		Debug|Any CPU = Debug|Any CPU
		Release|Any CPU = Release|Any CPU
	EndGlobalSection
	GlobalSection(ProjectConfigurationPlatforms) = postSolution
		{BC03A469-E9D7-987B-F53D-6FC84E18E593}.Debug|Any CPU.ActiveCfg = Debug|Any CPU
		{BC03A469-E9D7-987B-F53D-6FC84E18E593}.Debug|Any CPU.Build.0 = Debug|Any CPU
		{BC03A469-E9D7-987B-F53D-6FC84E18E593}.Release|Any CPU.ActiveCfg = Release|Any CPU
		{BC03A469-E9D7-987B-F53D-6FC84E18E593}.Release|Any CPU.Build.0 = Release|Any CPU
		{AE8EC3BD-CAFA-980C-AA26-9E42F4886CEB}.Debug|Any CPU.ActiveCfg = Debug|Any CPU
		{AE8EC3BD-CAFA-980C-AA26-9E42F4886CEB}.Debug|Any CPU.Build.0 = Debug|Any CPU
		{AE8EC3BD-CAFA-980C-AA26-9E42F4886CEB}.Release|Any CPU.ActiveCfg = Release|Any CPU
		{AE8EC3BD-CAFA-980C-AA26-9E42F4886CEB}.Release|Any CPU.Build.0 = Release|Any CPU
	EndGlobalSection
	GlobalSection(SolutionProperties) = preSolution
		HideSolutionNode = FALSE
	EndGlobalSection
	GlobalSection(MonoDevelopProperties) = preSolution
		StartupItem = Assembly-CSharp.csproj
	EndGlobalSection
EndGlobal
